// !$*UTF8*$!
{
	archiveVersion = 1;
	classes = {
	};
	objectVersion = 46;
	objects = {

/* Begin PBXBuildFile section */
		4989A4041D2F0A4C000F75DD /* AppDelegate.swift in Sources */ = {isa = PBXBuildFile; fileRef = 4989A4031D2F0A4C000F75DD /* AppDelegate.swift */; };
		4989A4061D2F0A4C000F75DD /* ViewController.swift in Sources */ = {isa = PBXBuildFile; fileRef = 4989A4051D2F0A4C000F75DD /* ViewController.swift */; };
		4989A4091D2F0A4C000F75DD /* Main.storyboard in Resources */ = {isa = PBXBuildFile; fileRef = 4989A4071D2F0A4C000F75DD /* Main.storyboard */; };
		4989A40B1D2F0A4C000F75DD /* Assets.xcassets in Resources */ = {isa = PBXBuildFile; fileRef = 4989A40A1D2F0A4C000F75DD /* Assets.xcassets */; };
		4989A40E1D2F0A4C000F75DD /* LaunchScreen.storyboard in Resources */ = {isa = PBXBuildFile; fileRef = 4989A40C1D2F0A4C000F75DD /* LaunchScreen.storyboard */; };
		4989A4191D2F0A4C000F75DD /* TerseBetaTests.swift in Sources */ = {isa = PBXBuildFile; fileRef = 4989A4181D2F0A4C000F75DD /* TerseBetaTests.swift */; };
		4989A4241D2F0A4D000F75DD /* TerseBetaUITests.swift in Sources */ = {isa = PBXBuildFile; fileRef = 4989A4231D2F0A4D000F75DD /* TerseBetaUITests.swift */; };
/* End PBXBuildFile section */

/* Begin PBXContainerItemProxy section */
		4989A4151D2F0A4C000F75DD /* PBXContainerItemProxy */ = {
			isa = PBXContainerItemProxy;
			containerPortal = 4989A3F81D2F0A4C000F75DD /* Project object */;
			proxyType = 1;
			remoteGlobalIDString = 4989A3FF1D2F0A4C000F75DD;
			remoteInfo = TerseBeta;
		};
		4989A4201D2F0A4D000F75DD /* PBXContainerItemProxy */ = {
			isa = PBXContainerItemProxy;
			containerPortal = 4989A3F81D2F0A4C000F75DD /* Project object */;
			proxyType = 1;
			remoteGlobalIDString = 4989A3FF1D2F0A4C000F75DD;
			remoteInfo = TerseBeta;
		};
/* End PBXContainerItemProxy section */

/* Begin PBXFileReference section */
		4989A4001D2F0A4C000F75DD /* TerseBeta.app */ = {isa = PBXFileReference; explicitFileType = wrapper.application; includeInIndex = 0; path = TerseBeta.app; sourceTree = BUILT_PRODUCTS_DIR; };
		4989A4031D2F0A4C000F75DD /* AppDelegate.swift */ = {isa = PBXFileReference; lastKnownFileType = sourcecode.swift; path = AppDelegate.swift; sourceTree = "<group>"; };
		4989A4051D2F0A4C000F75DD /* ViewController.swift */ = {isa = PBXFileReference; lastKnownFileType = sourcecode.swift; path = ViewController.swift; sourceTree = "<group>"; };
		4989A4081D2F0A4C000F75DD /* Base */ = {isa = PBXFileReference; lastKnownFileType = file.storyboard; name = Base; path = Base.lproj/Main.storyboard; sourceTree = "<group>"; };
		4989A40A1D2F0A4C000F75DD /* Assets.xcassets */ = {isa = PBXFileReference; lastKnownFileType = folder.assetcatalog; path = Assets.xcassets; sourceTree = "<group>"; };
		4989A40D1D2F0A4C000F75DD /* Base */ = {isa = PBXFileReference; lastKnownFileType = file.storyboard; name = Base; path = Base.lproj/LaunchScreen.storyboard; sourceTree = "<group>"; };
		4989A40F1D2F0A4C000F75DD /* Info.plist */ = {isa = PBXFileReference; lastKnownFileType = text.plist.xml; path = Info.plist; sourceTree = "<group>"; };
		4989A4141D2F0A4C000F75DD /* TerseBetaTests.xctest */ = {isa = PBXFileReference; explicitFileType = wrapper.cfbundle; includeInIndex = 0; path = TerseBetaTests.xctest; sourceTree = BUILT_PRODUCTS_DIR; };
		4989A4181D2F0A4C000F75DD /* TerseBetaTests.swift */ = {isa = PBXFileReference; lastKnownFileType = sourcecode.swift; path = TerseBetaTests.swift; sourceTree = "<group>"; };
		4989A41A1D2F0A4C000F75DD /* Info.plist */ = {isa = PBXFileReference; lastKnownFileType = text.plist.xml; path = Info.plist; sourceTree = "<group>"; };
		4989A41F1D2F0A4D000F75DD /* TerseBetaUITests.xctest */ = {isa = PBXFileReference; explicitFileType = wrapper.cfbundle; includeInIndex = 0; path = TerseBetaUITests.xctest; sourceTree = BUILT_PRODUCTS_DIR; };
		4989A4231D2F0A4D000F75DD /* TerseBetaUITests.swift */ = {isa = PBXFileReference; lastKnownFileType = sourcecode.swift; path = TerseBetaUITests.swift; sourceTree = "<group>"; };
		4989A4251D2F0A4D000F75DD /* Info.plist */ = {isa = PBXFileReference; lastKnownFileType = text.plist.xml; path = Info.plist; sourceTree = "<group>"; };
/* End PBXFileReference section */

/* Begin PBXFrameworksBuildPhase section */
		4989A3FD1D2F0A4C000F75DD /* Frameworks */ = {
			isa = PBXFrameworksBuildPhase;
			buildActionMask = 2147483647;
			files = (
			);
			runOnlyForDeploymentPostprocessing = 0;
		};
		4989A4111D2F0A4C000F75DD /* Frameworks */ = {
			isa = PBXFrameworksBuildPhase;
			buildActionMask = 2147483647;
			files = (
			);
			runOnlyForDeploymentPostprocessing = 0;
		};
		4989A41C1D2F0A4D000F75DD /* Frameworks */ = {
			isa = PBXFrameworksBuildPhase;
			buildActionMask = 2147483647;
			files = (
			);
			runOnlyForDeploymentPostprocessing = 0;
		};
/* End PBXFrameworksBuildPhase section */

/* Begin PBXGroup section */
		4989A3F71D2F0A4C000F75DD = {
			isa = PBXGroup;
			children = (
				4989A4021D2F0A4C000F75DD /* TerseBeta */,
				4989A4171D2F0A4C000F75DD /* TerseBetaTests */,
				4989A4221D2F0A4D000F75DD /* TerseBetaUITests */,
				4989A4011D2F0A4C000F75DD /* Products */,
			);
			sourceTree = "<group>";
		};
		4989A4011D2F0A4C000F75DD /* Products */ = {
			isa = PBXGroup;
			children = (
				4989A4001D2F0A4C000F75DD /* TerseBeta.app */,
				4989A4141D2F0A4C000F75DD /* TerseBetaTests.xctest */,
				4989A41F1D2F0A4D000F75DD /* TerseBetaUITests.xctest */,
			);
			name = Products;
			sourceTree = "<group>";
		};
		4989A4021D2F0A4C000F75DD /* TerseBeta */ = {
			isa = PBXGroup;
			children = (
				4989A4031D2F0A4C000F75DD /* AppDelegate.swift */,
				4989A4051D2F0A4C000F75DD /* ViewController.swift */,
				4989A4071D2F0A4C000F75DD /* Main.storyboard */,
				4989A40A1D2F0A4C000F75DD /* Assets.xcassets */,
				4989A40C1D2F0A4C000F75DD /* LaunchScreen.storyboard */,
				4989A40F1D2F0A4C000F75DD /* Info.plist */,
			);
			path = TerseBeta;
			sourceTree = "<group>";
		};
		4989A4171D2F0A4C000F75DD /* TerseBetaTests */ = {
			isa = PBXGroup;
			children = (
				4989A4181D2F0A4C000F75DD /* TerseBetaTests.swift */,
				4989A41A1D2F0A4C000F75DD /* Info.plist */,
			);
			path = TerseBetaTests;
			sourceTree = "<group>";
		};
		4989A4221D2F0A4D000F75DD /* TerseBetaUITests */ = {
			isa = PBXGroup;
			children = (
				4989A4231D2F0A4D000F75DD /* TerseBetaUITests.swift */,
				4989A4251D2F0A4D000F75DD /* Info.plist */,
			);
			path = TerseBetaUITests;
			sourceTree = "<group>";
		};
/* End PBXGroup section */

/* Begin PBXNativeTarget section */
		4989A3FF1D2F0A4C000F75DD /* TerseBeta */ = {
			isa = PBXNativeTarget;
			buildConfigurationList = 4989A4281D2F0A4D000F75DD /* Build configuration list for PBXNativeTarget "TerseBeta" */;
			buildPhases = (
				4989A3FC1D2F0A4C000F75DD /* Sources */,
				4989A3FD1D2F0A4C000F75DD /* Frameworks */,
				4989A3FE1D2F0A4C000F75DD /* Resources */,
			);
			buildRules = (
			);
			dependencies = (
			);
			name = TerseBeta;
			productName = TerseBeta;
			productReference = 4989A4001D2F0A4C000F75DD /* TerseBeta.app */;
			productType = "com.apple.product-type.application";
		};
		4989A4131D2F0A4C000F75DD /* TerseBetaTests */ = {
			isa = PBXNativeTarget;
			buildConfigurationList = 4989A42B1D2F0A4D000F75DD /* Build configuration list for PBXNativeTarget "TerseBetaTests" */;
			buildPhases = (
				4989A4101D2F0A4C000F75DD /* Sources */,
				4989A4111D2F0A4C000F75DD /* Frameworks */,
				4989A4121D2F0A4C000F75DD /* Resources */,
			);
			buildRules = (
			);
			dependencies = (
				4989A4161D2F0A4C000F75DD /* PBXTargetDependency */,
			);
			name = TerseBetaTests;
			productName = TerseBetaTests;
			productReference = 4989A4141D2F0A4C000F75DD /* TerseBetaTests.xctest */;
			productType = "com.apple.product-type.bundle.unit-test";
		};
		4989A41E1D2F0A4D000F75DD /* TerseBetaUITests */ = {
			isa = PBXNativeTarget;
			buildConfigurationList = 4989A42E1D2F0A4D000F75DD /* Build configuration list for PBXNativeTarget "TerseBetaUITests" */;
			buildPhases = (
				4989A41B1D2F0A4D000F75DD /* Sources */,
				4989A41C1D2F0A4D000F75DD /* Frameworks */,
				4989A41D1D2F0A4D000F75DD /* Resources */,
			);
			buildRules = (
			);
			dependencies = (
				4989A4211D2F0A4D000F75DD /* PBXTargetDependency */,
			);
			name = TerseBetaUITests;
			productName = TerseBetaUITests;
			productReference = 4989A41F1D2F0A4D000F75DD /* TerseBetaUITests.xctest */;
			productType = "com.apple.product-type.bundle.ui-testing";
		};
/* End PBXNativeTarget section */

/* Begin PBXProject section */
		4989A3F81D2F0A4C000F75DD /* Project object */ = {
			isa = PBXProject;
			attributes = {
				LastSwiftUpdateCheck = 0730;
				LastUpgradeCheck = 0730;
				ORGANIZATIONNAME = "Andrew Craft";
				TargetAttributes = {
					4989A3FF1D2F0A4C000F75DD = {
						CreatedOnToolsVersion = 7.3.1;
					};
					4989A4131D2F0A4C000F75DD = {
						CreatedOnToolsVersion = 7.3.1;
						TestTargetID = 4989A3FF1D2F0A4C000F75DD;
					};
					4989A41E1D2F0A4D000F75DD = {
						CreatedOnToolsVersion = 7.3.1;
						TestTargetID = 4989A3FF1D2F0A4C000F75DD;
					};
				};
			};
			buildConfigurationList = 4989A3FB1D2F0A4C000F75DD /* Build configuration list for PBXProject "TerseBeta" */;
			compatibilityVersion = "Xcode 3.2";
			developmentRegion = English;
			hasScannedForEncodings = 0;
			knownRegions = (
				en,
				Base,
			);
			mainGroup = 4989A3F71D2F0A4C000F75DD;
			productRefGroup = 4989A4011D2F0A4C000F75DD /* Products */;
			projectDirPath = "";
			projectRoot = "";
			targets = (
				4989A3FF1D2F0A4C000F75DD /* TerseBeta */,
				4989A4131D2F0A4C000F75DD /* TerseBetaTests */,
				4989A41E1D2F0A4D000F75DD /* TerseBetaUITests */,
			);
		};
/* End PBXProject section */

/* Begin PBXResourcesBuildPhase section */
		4989A3FE1D2F0A4C000F75DD /* Resources */ = {
			isa = PBXResourcesBuildPhase;
			buildActionMask = 2147483647;
			files = (
				4989A40E1D2F0A4C000F75DD /* LaunchScreen.storyboard in Resources */,
				4989A40B1D2F0A4C000F75DD /* Assets.xcassets in Resources */,
				4989A4091D2F0A4C000F75DD /* Main.storyboard in Resources */,
			);
			runOnlyForDeploymentPostprocessing = 0;
		};
		4989A4121D2F0A4C000F75DD /* Resources */ = {
			isa = PBXResourcesBuildPhase;
			buildActionMask = 2147483647;
			files = (
			);
			runOnlyForDeploymentPostprocessing = 0;
		};
		4989A41D1D2F0A4D000F75DD /* Resources */ = {
			isa = PBXResourcesBuildPhase;
			buildActionMask = 2147483647;
			files = (
			);
			runOnlyForDeploymentPostprocessing = 0;
		};
/* End PBXResourcesBuildPhase section */

/* Begin PBXSourcesBuildPhase section */
		4989A3FC1D2F0A4C000F75DD /* Sources */ = {
			isa = PBXSourcesBuildPhase;
			buildActionMask = 2147483647;
			files = (
				4989A4061D2F0A4C000F75DD /* ViewController.swift in Sources */,
				4989A4041D2F0A4C000F75DD /* AppDelegate.swift in Sources */,
			);
			runOnlyForDeploymentPostprocessing = 0;
		};
		4989A4101D2F0A4C000F75DD /* Sources */ = {
			isa = PBXSourcesBuildPhase;
			buildActionMask = 2147483647;
			files = (
				4989A4191D2F0A4C000F75DD /* TerseBetaTests.swift in Sources */,
			);
			runOnlyForDeploymentPostprocessing = 0;
		};
		4989A41B1D2F0A4D000F75DD /* Sources */ = {
			isa = PBXSourcesBuildPhase;
			buildActionMask = 2147483647;
			files = (
				4989A4241D2F0A4D000F75DD /* TerseBetaUITests.swift in Sources */,
			);
			runOnlyForDeploymentPostprocessing = 0;
		};
/* End PBXSourcesBuildPhase section */

/* Begin PBXTargetDependency section */
		4989A4161D2F0A4C000F75DD /* PBXTargetDependency */ = {
			isa = PBXTargetDependency;
			target = 4989A3FF1D2F0A4C000F75DD /* TerseBeta */;
			targetProxy = 4989A4151D2F0A4C000F75DD /* PBXContainerItemProxy */;
		};
		4989A4211D2F0A4D000F75DD /* PBXTargetDependency */ = {
			isa = PBXTargetDependency;
			target = 4989A3FF1D2F0A4C000F75DD /* TerseBeta */;
			targetProxy = 4989A4201D2F0A4D000F75DD /* PBXContainerItemProxy */;
		};
/* End PBXTargetDependency section */

/* Begin PBXVariantGroup section */
		4989A4071D2F0A4C000F75DD /* Main.storyboard */ = {
			isa = PBXVariantGroup;
			children = (
				4989A4081D2F0A4C000F75DD /* Base */,
			);
			name = Main.storyboard;
			sourceTree = "<group>";
		};
		4989A40C1D2F0A4C000F75DD /* LaunchScreen.storyboard */ = {
			isa = PBXVariantGroup;
			children = (
				4989A40D1D2F0A4C000F75DD /* Base */,
			);
			name = LaunchScreen.storyboard;
			sourceTree = "<group>";
		};
/* End PBXVariantGroup section */

/* Begin XCBuildConfiguration section */
		4989A4261D2F0A4D000F75DD /* Debug */ = {
			isa = XCBuildConfiguration;
			buildSettings = {
				ALWAYS_SEARCH_USER_PATHS = NO;
				CLANG_ANALYZER_NONNULL = YES;
				CLANG_CXX_LANGUAGE_STANDARD = "gnu++0x";
				CLANG_CXX_LIBRARY = "libc++";
				CLANG_ENABLE_MODULES = YES;
				CLANG_ENABLE_OBJC_ARC = YES;
				CLANG_WARN_BOOL_CONVERSION = YES;
				CLANG_WARN_CONSTANT_CONVERSION = YES;
				CLANG_WARN_DIRECT_OBJC_ISA_USAGE = YES_ERROR;
				CLANG_WARN_EMPTY_BODY = YES;
				CLANG_WARN_ENUM_CONVERSION = YES;
				CLANG_WARN_INT_CONVERSION = YES;
				CLANG_WARN_OBJC_ROOT_CLASS = YES_ERROR;
				CLANG_WARN_UNREACHABLE_CODE = YES;
				CLANG_WARN__DUPLICATE_METHOD_MATCH = YES;
				"CODE_SIGN_IDENTITY[sdk=iphoneos*]" = "iPhone Developer";
				COPY_PHASE_STRIP = NO;
				DEBUG_INFORMATION_FORMAT = dwarf;
				ENABLE_STRICT_OBJC_MSGSEND = YES;
				ENABLE_TESTABILITY = YES;
				GCC_C_LANGUAGE_STANDARD = gnu99;
				GCC_DYNAMIC_NO_PIC = NO;
				GCC_NO_COMMON_BLOCKS = YES;
				GCC_OPTIMIZATION_LEVEL = 0;
				GCC_PREPROCESSOR_DEFINITIONS = (
					"DEBUG=1",
					"$(inherited)",
				);
				GCC_WARN_64_TO_32_BIT_CONVERSION = YES;
				GCC_WARN_ABOUT_RETURN_TYPE = YES_ERROR;
				GCC_WARN_UNDECLARED_SELECTOR = YES;
				GCC_WARN_UNINITIALIZED_AUTOS = YES_AGGRESSIVE;
				GCC_WARN_UNUSED_FUNCTION = YES;
				GCC_WARN_UNUSED_VARIABLE = YES;
				IPHONEOS_DEPLOYMENT_TARGET = 9.3;
				MTL_ENABLE_DEBUG_INFO = YES;
				ONLY_ACTIVE_ARCH = YES;
				SDKROOT = iphoneos;
				SWIFT_OPTIMIZATION_LEVEL = "-Onone";
				TARGETED_DEVICE_FAMILY = "1,2";
			};
			name = Debug;
		};
		4989A4271D2F0A4D000F75DD /* Release */ = {
			isa = XCBuildConfiguration;
			buildSettings = {
				ALWAYS_SEARCH_USER_PATHS = NO;
				CLANG_ANALYZER_NONNULL = YES;
				CLANG_CXX_LANGUAGE_STANDARD = "gnu++0x";
				CLANG_CXX_LIBRARY = "libc++";
				CLANG_ENABLE_MODULES = YES;
				CLANG_ENABLE_OBJC_ARC = YES;
				CLANG_WARN_BOOL_CONVERSION = YES;
				CLANG_WARN_CONSTANT_CONVERSION = YES;
				CLANG_WARN_DIRECT_OBJC_ISA_USAGE = YES_ERROR;
				CLANG_WARN_EMPTY_BODY = YES;
				CLANG_WARN_ENUM_CONVERSION = YES;
				CLANG_WARN_INT_CONVERSION = YES;
				CLANG_WARN_OBJC_ROOT_CLASS = YES_ERROR;
				CLANG_WARN_UNREACHABLE_CODE = YES;
				CLANG_WARN__DUPLICATE_METHOD_MATCH = YES;
				"CODE_SIGN_IDENTITY[sdk=iphoneos*]" = "iPhone Developer";
				COPY_PHASE_STRIP = NO;
				DEBUG_INFORMATION_FORMAT = "dwarf-with-dsym";
				ENABLE_NS_ASSERTIONS = NO;
				ENABLE_STRICT_OBJC_MSGSEND = YES;
				GCC_C_LANGUAGE_STANDARD = gnu99;
				GCC_NO_COMMON_BLOCKS = YES;
				GCC_WARN_64_TO_32_BIT_CONVERSION = YES;
				GCC_WARN_ABOUT_RETURN_TYPE = YES_ERROR;
				GCC_WARN_UNDECLARED_SELECTOR = YES;
				GCC_WARN_UNINITIALIZED_AUTOS = YES_AGGRESSIVE;
				GCC_WARN_UNUSED_FUNCTION = YES;
				GCC_WARN_UNUSED_VARIABLE = YES;
				IPHONEOS_DEPLOYMENT_TARGET = 9.3;
				MTL_ENABLE_DEBUG_INFO = NO;
				SDKROOT = iphoneos;
				TARGETED_DEVICE_FAMILY = "1,2";
				VALIDATE_PRODUCT = YES;
			};
			name = Release;
		};
		4989A4291D2F0A4D000F75DD /* Debug */ = {
			isa = XCBuildConfiguration;
			buildSettings = {
				ASSETCATALOG_COMPILER_APPICON_NAME = AppIcon;
				INFOPLIST_FILE = TerseBeta/Info.plist;
				LD_RUNPATH_SEARCH_PATHS = "$(inherited) @executable_path/Frameworks";
				PRODUCT_BUNDLE_IDENTIFIER = AC.TerseBeta;
				PRODUCT_NAME = "$(TARGET_NAME)";
			};
			name = Debug;
		};
		4989A42A1D2F0A4D000F75DD /* Release */ = {
			isa = XCBuildConfiguration;
			buildSettings = {
				ASSETCATALOG_COMPILER_APPICON_NAME = AppIcon;
				INFOPLIST_FILE = TerseBeta/Info.plist;
				LD_RUNPATH_SEARCH_PATHS = "$(inherited) @executable_path/Frameworks";
				PRODUCT_BUNDLE_IDENTIFIER = AC.TerseBeta;
				PRODUCT_NAME = "$(TARGET_NAME)";
			};
			name = Release;
		};
		4989A42C1D2F0A4D000F75DD /* Debug */ = {
			isa = XCBuildConfiguration;
			buildSettings = {
				BUNDLE_LOADER = "$(TEST_HOST)";
				INFOPLIST_FILE = TerseBetaTests/Info.plist;
				LD_RUNPATH_SEARCH_PATHS = "$(inherited) @executable_path/Frameworks @loader_path/Frameworks";
				PRODUCT_BUNDLE_IDENTIFIER = AC.TerseBetaTests;
				PRODUCT_NAME = "$(TARGET_NAME)";
				TEST_HOST = "$(BUILT_PRODUCTS_DIR)/TerseBeta.app/TerseBeta";
			};
			name = Debug;
		};
		4989A42D1D2F0A4D000F75DD /* Release */ = {
			isa = XCBuildConfiguration;
			buildSettings = {
				BUNDLE_LOADER = "$(TEST_HOST)";
				INFOPLIST_FILE = TerseBetaTests/Info.plist;
				LD_RUNPATH_SEARCH_PATHS = "$(inherited) @executable_path/Frameworks @loader_path/Frameworks";
				PRODUCT_BUNDLE_IDENTIFIER = AC.TerseBetaTests;
				PRODUCT_NAME = "$(TARGET_NAME)";
				TEST_HOST = "$(BUILT_PRODUCTS_DIR)/TerseBeta.app/TerseBeta";
			};
			name = Release;
		};
		4989A42F1D2F0A4D000F75DD /* Debug */ = {
			isa = XCBuildConfiguration;
			buildSettings = {
				INFOPLIST_FILE = TerseBetaUITests/Info.plist;
				LD_RUNPATH_SEARCH_PATHS = "$(inherited) @executable_path/Frameworks @loader_path/Frameworks";
				PRODUCT_BUNDLE_IDENTIFIER = AC.TerseBetaUITests;
				PRODUCT_NAME = "$(TARGET_NAME)";
				TEST_TARGET_NAME = TerseBeta;
			};
			name = Debug;
		};
		4989A4301D2F0A4D000F75DD /* Release */ = {
			isa = XCBuildConfiguration;
			buildSettings = {
				INFOPLIST_FILE = TerseBetaUITests/Info.plist;
				LD_RUNPATH_SEARCH_PATHS = "$(inherited) @executable_path/Frameworks @loader_path/Frameworks";
				PRODUCT_BUNDLE_IDENTIFIER = AC.TerseBetaUITests;
				PRODUCT_NAME = "$(TARGET_NAME)";
				TEST_TARGET_NAME = TerseBeta;
			};
			name = Release;
		};
/* End XCBuildConfiguration section */

/* Begin XCConfigurationList section */
		4989A3FB1D2F0A4C000F75DD /* Build configuration list for PBXProject "TerseBeta" */ = {
			isa = XCConfigurationList;
			buildConfigurations = (
				4989A4261D2F0A4D000F75DD /* Debug */,
				4989A4271D2F0A4D000F75DD /* Release */,
			);
			defaultConfigurationIsVisible = 0;
			defaultConfigurationName = Release;
		};
		4989A4281D2F0A4D000F75DD /* Build configuration list for PBXNativeTarget "TerseBeta" */ = {
			isa = XCConfigurationList;
			buildConfigurations = (
				4989A4291D2F0A4D000F75DD /* Debug */,
				4989A42A1D2F0A4D000F75DD /* Release */,
			);
			defaultConfigurationIsVisible = 0;
		};
		4989A42B1D2F0A4D000F75DD /* Build configuration list for PBXNativeTarget "TerseBetaTests" */ = {
			isa = XCConfigurationList;
			buildConfigurations = (
				4989A42C1D2F0A4D000F75DD /* Debug */,
				4989A42D1D2F0A4D000F75DD /* Release */,
			);
			defaultConfigurationIsVisible = 0;
		};
		4989A42E1D2F0A4D000F75DD /* Build configuration list for PBXNativeTarget "TerseBetaUITests" */ = {
			isa = XCConfigurationList;
			buildConfigurations = (
				4989A42F1D2F0A4D000F75DD /* Debug */,
				4989A4301D2F0A4D000F75DD /* Release */,
			);
			defaultConfigurationIsVisible = 0;
		};
/* End XCConfigurationList section */
	};
	rootObject = 4989A3F81D2F0A4C000F75DD /* Project object */;
}
